
Microsoft Visual Studio Solution File, Format Version 12.00
# Visual Studio Version 17
VisualStudioVersion = 17.5.33627.172
MinimumVisualStudioVersion = 10.0.40219.1
Project("{FAE04EC0-301F-11D3-BF4B-00C04F79EFBC}") = "MassTransistRabbitMqMy", "MassTransistRabbitMqMy\MassTransistRabbitMqMy.csproj", "{1E92BD97-6333-45E5-9579-8EDD6F73A71C}"
EndProject
Project("{FAE04EC0-301F-11D3-BF4B-00C04F79EFBC}") = "PingConsumer", "PingConsumer\PingConsumer.csproj", "{558FCE18-0C88-4C01-B78F-A27FE499A448}"
EndProject
Global
	GlobalSection(SolutionConfigurationPlatforms) = preSolution
		Debug|Any CPU = Debug|Any CPU
		Release|Any CPU = Release|Any CPU
	EndGlobalSection
	GlobalSection(ProjectConfigurationPlatforms) = postSolution
		{1E92BD97-6333-45E5-9579-8EDD6F73A71C}.Debug|Any CPU.ActiveCfg = Debug|Any CPU
		{1E92BD97-6333-45E5-9579-8EDD6F73A71C}.Debug|Any CPU.Build.0 = Debug|Any CPU
		{1E92BD97-6333-45E5-9579-8EDD6F73A71C}.Release|Any CPU.ActiveCfg = Release|Any CPU
		{1E92BD97-6333-45E5-9579-8EDD6F73A71C}.Release|Any CPU.Build.0 = Release|Any CPU
		{558FCE18-0C88-4C01-B78F-A27FE499A448}.Debug|Any CPU.ActiveCfg = Debug|Any CPU
		{558FCE18-0C88-4C01-B78F-A27FE499A448}.Debug|Any CPU.Build.0 = Debug|Any CPU
		{558FCE18-0C88-4C01-B78F-A27FE499A448}.Release|Any CPU.ActiveCfg = Release|Any CPU
		{558FCE18-0C88-4C01-B78F-A27FE499A448}.Release|Any CPU.Build.0 = Release|Any CPU
	EndGlobalSection
	GlobalSection(SolutionProperties) = preSolution
		HideSolutionNode = FALSE
	EndGlobalSection
	GlobalSection(ExtensibilityGlobals) = postSolution
		SolutionGuid = {482EFF33-FC53-4035-930D-6D5439770F18}
	EndGlobalSection
EndGlobal
